
Microsoft Visual Studio Solution File, Format Version 12.00
# Visual Studio 14
VisualStudioVersion = 14.0.23107.0
MinimumVisualStudioVersion = 10.0.40219.1
Project("{8BC9CEB8-8B4A-11D0-8D11-00A0C91BC942}") = "136 - Inlab 3 - Steven Ohlund", "136 - Inlab 3 - Steven Ohlund\136 - Inlab 3 - Steven Ohlund.vcxproj", "{D4490F22-2605-4EFA-93F2-7EFD1CB6AAED}"
EndProject
Project("{8BC9CEB8-8B4A-11D0-8D11-00A0C91BC942}") = "Part 2", "Part 2\Part 2.vcxproj", "{FFFA7B47-9820-44E8-92E7-C93565D913F0}"
EndProject
Project("{8BC9CEB8-8B4A-11D0-8D11-00A0C91BC942}") = "Part3", "Part3\Part3.vcxproj", "{12B4C1D5-18D6-4076-BEB7-4051FC948909}"
EndProject
Global
	GlobalSection(SolutionConfigurationPlatforms) = preSolution
		Debug|x64 = Debug|x64
		Debug|x86 = Debug|x86
		Release|x64 = Release|x64
		Release|x86 = Release|x86
	EndGlobalSection
	GlobalSection(ProjectConfigurationPlatforms) = postSolution
		{D4490F22-2605-4EFA-93F2-7EFD1CB6AAED}.Debug|x64.ActiveCfg = Debug|x64
		{D4490F22-2605-4EFA-93F2-7EFD1CB6AAED}.Debug|x64.Build.0 = Debug|x64
		{D4490F22-2605-4EFA-93F2-7EFD1CB6AAED}.Debug|x86.ActiveCfg = Debug|Win32
		{D4490F22-2605-4EFA-93F2-7EFD1CB6AAED}.Debug|x86.Build.0 = Debug|Win32
		{D4490F22-2605-4EFA-93F2-7EFD1CB6AAED}.Release|x64.ActiveCfg = Release|x64
		{D4490F22-2605-4EFA-93F2-7EFD1CB6AAED}.Release|x64.Build.0 = Release|x64
		{D4490F22-2605-4EFA-93F2-7EFD1CB6AAED}.Release|x86.ActiveCfg = Release|Win32
		{D4490F22-2605-4EFA-93F2-7EFD1CB6AAED}.Release|x86.Build.0 = Release|Win32
		{FFFA7B47-9820-44E8-92E7-C93565D913F0}.Debug|x64.ActiveCfg = Debug|x64
		{FFFA7B47-9820-44E8-92E7-C93565D913F0}.Debug|x64.Build.0 = Debug|x64
		{FFFA7B47-9820-44E8-92E7-C93565D913F0}.Debug|x86.ActiveCfg = Debug|Win32
		{FFFA7B47-9820-44E8-92E7-C93565D913F0}.Debug|x86.Build.0 = Debug|Win32
		{FFFA7B47-9820-44E8-92E7-C93565D913F0}.Release|x64.ActiveCfg = Release|x64
		{FFFA7B47-9820-44E8-92E7-C93565D913F0}.Release|x64.Build.0 = Release|x64
		{FFFA7B47-9820-44E8-92E7-C93565D913F0}.Release|x86.ActiveCfg = Release|Win32
		{FFFA7B47-9820-44E8-92E7-C93565D913F0}.Release|x86.Build.0 = Release|Win32
		{12B4C1D5-18D6-4076-BEB7-4051FC948909}.Debug|x64.ActiveCfg = Debug|x64
		{12B4C1D5-18D6-4076-BEB7-4051FC948909}.Debug|x64.Build.0 = Debug|x64
		{12B4C1D5-18D6-4076-BEB7-4051FC948909}.Debug|x86.ActiveCfg = Debug|Win32
		{12B4C1D5-18D6-4076-BEB7-4051FC948909}.Debug|x86.Build.0 = Debug|Win32
		{12B4C1D5-18D6-4076-BEB7-4051FC948909}.Release|x64.ActiveCfg = Release|x64
		{12B4C1D5-18D6-4076-BEB7-4051FC948909}.Release|x64.Build.0 = Release|x64
		{12B4C1D5-18D6-4076-BEB7-4051FC948909}.Release|x86.ActiveCfg = Release|Win32
		{12B4C1D5-18D6-4076-BEB7-4051FC948909}.Release|x86.Build.0 = Release|Win32
	EndGlobalSection
	GlobalSection(SolutionProperties) = preSolution
		HideSolutionNode = FALSE
	EndGlobalSection
EndGlobal
