
Microsoft Visual Studio Solution File, Format Version 12.00
# Visual Studio 14
VisualStudioVersion = 14.0.23107.0
MinimumVisualStudioVersion = 10.0.40219.1
Project("{8BC9CEB8-8B4A-11D0-8D11-00A0C91BC942}") = "LBD 12.13.1", "LBD 12.13.1\LBD 12.13.1.vcxproj", "{9719ED71-802F-48ED-9EFE-ED5C8D039755}"
EndProject
Project("{8BC9CEB8-8B4A-11D0-8D11-00A0C91BC942}") = "LBD 12.15.1", "LBD 12.15.1\LBD 12.15.1.vcxproj", "{9DBC297D-749A-4766-A553-AB406703E7D8}"
EndProject
Project("{8BC9CEB8-8B4A-11D0-8D11-00A0C91BC942}") = "LBD 13.3.1", "LBD 13.3.1\LBD 13.3.1.vcxproj", "{0FBFD184-5FBF-423A-BF70-C873A7B2B301}"
EndProject
Project("{8BC9CEB8-8B4A-11D0-8D11-00A0C91BC942}") = "debug", "Debug\debug.vcxproj", "{3473B83E-687E-4CCD-BA65-B34C476C2211}"
EndProject
Project("{8BC9CEB8-8B4A-11D0-8D11-00A0C91BC942}") = "LBD 16.2.1", "LBD 16.2.1\LBD 16.2.1.vcxproj", "{A4E7220B-354E-4741-B2D0-BDEAE0F8934E}"
EndProject
Project("{8BC9CEB8-8B4A-11D0-8D11-00A0C91BC942}") = "LBD 16.6.1", "LBD 16.6.1\LBD 16.6.1.vcxproj", "{ECEC663C-778C-40D4-B4F7-F6745F9D997D}"
EndProject
Project("{8BC9CEB8-8B4A-11D0-8D11-00A0C91BC942}") = "LBD 16.6.3", "LBD 16.6.3\LBD 16.6.3.vcxproj", "{DE803637-C45B-4549-B708-8E697B731D8E}"
EndProject
Project("{8BC9CEB8-8B4A-11D0-8D11-00A0C91BC942}") = "LBD 14.4", "LBD 14.4\LBD 14.4.vcxproj", "{923FAE76-7979-49E2-947A-0CC71A3E7DF5}"
EndProject
Project("{8BC9CEB8-8B4A-11D0-8D11-00A0C91BC942}") = "LBD 15.1.2", "LBD 15.1.2\LBD 15.1.2.vcxproj", "{266A0DD6-3EB0-4501-A819-0D59E1890609}"
EndProject
Global
	GlobalSection(SolutionConfigurationPlatforms) = preSolution
		Debug|x64 = Debug|x64
		Debug|x86 = Debug|x86
		Release|x64 = Release|x64
		Release|x86 = Release|x86
	EndGlobalSection
	GlobalSection(ProjectConfigurationPlatforms) = postSolution
		{9719ED71-802F-48ED-9EFE-ED5C8D039755}.Debug|x64.ActiveCfg = Debug|x64
		{9719ED71-802F-48ED-9EFE-ED5C8D039755}.Debug|x64.Build.0 = Debug|x64
		{9719ED71-802F-48ED-9EFE-ED5C8D039755}.Debug|x86.ActiveCfg = Debug|Win32
		{9719ED71-802F-48ED-9EFE-ED5C8D039755}.Debug|x86.Build.0 = Debug|Win32
		{9719ED71-802F-48ED-9EFE-ED5C8D039755}.Release|x64.ActiveCfg = Release|x64
		{9719ED71-802F-48ED-9EFE-ED5C8D039755}.Release|x64.Build.0 = Release|x64
		{9719ED71-802F-48ED-9EFE-ED5C8D039755}.Release|x86.ActiveCfg = Release|Win32
		{9719ED71-802F-48ED-9EFE-ED5C8D039755}.Release|x86.Build.0 = Release|Win32
		{9DBC297D-749A-4766-A553-AB406703E7D8}.Debug|x64.ActiveCfg = Debug|x64
		{9DBC297D-749A-4766-A553-AB406703E7D8}.Debug|x64.Build.0 = Debug|x64
		{9DBC297D-749A-4766-A553-AB406703E7D8}.Debug|x86.ActiveCfg = Debug|Win32
		{9DBC297D-749A-4766-A553-AB406703E7D8}.Debug|x86.Build.0 = Debug|Win32
		{9DBC297D-749A-4766-A553-AB406703E7D8}.Release|x64.ActiveCfg = Release|x64
		{9DBC297D-749A-4766-A553-AB406703E7D8}.Release|x64.Build.0 = Release|x64
		{9DBC297D-749A-4766-A553-AB406703E7D8}.Release|x86.ActiveCfg = Release|Win32
		{9DBC297D-749A-4766-A553-AB406703E7D8}.Release|x86.Build.0 = Release|Win32
		{0FBFD184-5FBF-423A-BF70-C873A7B2B301}.Debug|x64.ActiveCfg = Debug|x64
		{0FBFD184-5FBF-423A-BF70-C873A7B2B301}.Debug|x64.Build.0 = Debug|x64
		{0FBFD184-5FBF-423A-BF70-C873A7B2B301}.Debug|x86.ActiveCfg = Debug|Win32
		{0FBFD184-5FBF-423A-BF70-C873A7B2B301}.Debug|x86.Build.0 = Debug|Win32
		{0FBFD184-5FBF-423A-BF70-C873A7B2B301}.Release|x64.ActiveCfg = Release|x64
		{0FBFD184-5FBF-423A-BF70-C873A7B2B301}.Release|x64.Build.0 = Release|x64
		{0FBFD184-5FBF-423A-BF70-C873A7B2B301}.Release|x86.ActiveCfg = Release|Win32
		{0FBFD184-5FBF-423A-BF70-C873A7B2B301}.Release|x86.Build.0 = Release|Win32
		{3473B83E-687E-4CCD-BA65-B34C476C2211}.Debug|x64.ActiveCfg = Debug|x64
		{3473B83E-687E-4CCD-BA65-B34C476C2211}.Debug|x64.Build.0 = Debug|x64
		{3473B83E-687E-4CCD-BA65-B34C476C2211}.Debug|x86.ActiveCfg = Debug|Win32
		{3473B83E-687E-4CCD-BA65-B34C476C2211}.Debug|x86.Build.0 = Debug|Win32
		{3473B83E-687E-4CCD-BA65-B34C476C2211}.Release|x64.ActiveCfg = Release|x64
		{3473B83E-687E-4CCD-BA65-B34C476C2211}.Release|x64.Build.0 = Release|x64
		{3473B83E-687E-4CCD-BA65-B34C476C2211}.Release|x86.ActiveCfg = Release|Win32
		{3473B83E-687E-4CCD-BA65-B34C476C2211}.Release|x86.Build.0 = Release|Win32
		{A4E7220B-354E-4741-B2D0-BDEAE0F8934E}.Debug|x64.ActiveCfg = Debug|x64
		{A4E7220B-354E-4741-B2D0-BDEAE0F8934E}.Debug|x64.Build.0 = Debug|x64
		{A4E7220B-354E-4741-B2D0-BDEAE0F8934E}.Debug|x86.ActiveCfg = Debug|Win32
		{A4E7220B-354E-4741-B2D0-BDEAE0F8934E}.Debug|x86.Build.0 = Debug|Win32
		{A4E7220B-354E-4741-B2D0-BDEAE0F8934E}.Release|x64.ActiveCfg = Release|x64
		{A4E7220B-354E-4741-B2D0-BDEAE0F8934E}.Release|x64.Build.0 = Release|x64
		{A4E7220B-354E-4741-B2D0-BDEAE0F8934E}.Release|x86.ActiveCfg = Release|Win32
		{A4E7220B-354E-4741-B2D0-BDEAE0F8934E}.Release|x86.Build.0 = Release|Win32
		{ECEC663C-778C-40D4-B4F7-F6745F9D997D}.Debug|x64.ActiveCfg = Debug|x64
		{ECEC663C-778C-40D4-B4F7-F6745F9D997D}.Debug|x64.Build.0 = Debug|x64
		{ECEC663C-778C-40D4-B4F7-F6745F9D997D}.Debug|x86.ActiveCfg = Debug|Win32
		{ECEC663C-778C-40D4-B4F7-F6745F9D997D}.Debug|x86.Build.0 = Debug|Win32
		{ECEC663C-778C-40D4-B4F7-F6745F9D997D}.Release|x64.ActiveCfg = Release|x64
		{ECEC663C-778C-40D4-B4F7-F6745F9D997D}.Release|x64.Build.0 = Release|x64
		{ECEC663C-778C-40D4-B4F7-F6745F9D997D}.Release|x86.ActiveCfg = Release|Win32
		{ECEC663C-778C-40D4-B4F7-F6745F9D997D}.Release|x86.Build.0 = Release|Win32
		{DE803637-C45B-4549-B708-8E697B731D8E}.Debug|x64.ActiveCfg = Debug|x64
		{DE803637-C45B-4549-B708-8E697B731D8E}.Debug|x64.Build.0 = Debug|x64
		{DE803637-C45B-4549-B708-8E697B731D8E}.Debug|x86.ActiveCfg = Debug|Win32
		{DE803637-C45B-4549-B708-8E697B731D8E}.Debug|x86.Build.0 = Debug|Win32
		{DE803637-C45B-4549-B708-8E697B731D8E}.Release|x64.ActiveCfg = Release|x64
		{DE803637-C45B-4549-B708-8E697B731D8E}.Release|x64.Build.0 = Release|x64
		{DE803637-C45B-4549-B708-8E697B731D8E}.Release|x86.ActiveCfg = Release|Win32
		{DE803637-C45B-4549-B708-8E697B731D8E}.Release|x86.Build.0 = Release|Win32
		{923FAE76-7979-49E2-947A-0CC71A3E7DF5}.Debug|x64.ActiveCfg = Debug|x64
		{923FAE76-7979-49E2-947A-0CC71A3E7DF5}.Debug|x64.Build.0 = Debug|x64
		{923FAE76-7979-49E2-947A-0CC71A3E7DF5}.Debug|x86.ActiveCfg = Debug|Win32
		{923FAE76-7979-49E2-947A-0CC71A3E7DF5}.Debug|x86.Build.0 = Debug|Win32
		{923FAE76-7979-49E2-947A-0CC71A3E7DF5}.Release|x64.ActiveCfg = Release|x64
		{923FAE76-7979-49E2-947A-0CC71A3E7DF5}.Release|x64.Build.0 = Release|x64
		{923FAE76-7979-49E2-947A-0CC71A3E7DF5}.Release|x86.ActiveCfg = Release|Win32
		{923FAE76-7979-49E2-947A-0CC71A3E7DF5}.Release|x86.Build.0 = Release|Win32
		{266A0DD6-3EB0-4501-A819-0D59E1890609}.Debug|x64.ActiveCfg = Debug|x64
		{266A0DD6-3EB0-4501-A819-0D59E1890609}.Debug|x64.Build.0 = Debug|x64
		{266A0DD6-3EB0-4501-A819-0D59E1890609}.Debug|x86.ActiveCfg = Debug|Win32
		{266A0DD6-3EB0-4501-A819-0D59E1890609}.Debug|x86.Build.0 = Debug|Win32
		{266A0DD6-3EB0-4501-A819-0D59E1890609}.Release|x64.ActiveCfg = Release|x64
		{266A0DD6-3EB0-4501-A819-0D59E1890609}.Release|x64.Build.0 = Release|x64
		{266A0DD6-3EB0-4501-A819-0D59E1890609}.Release|x86.ActiveCfg = Release|Win32
		{266A0DD6-3EB0-4501-A819-0D59E1890609}.Release|x86.Build.0 = Release|Win32
	EndGlobalSection
	GlobalSection(SolutionProperties) = preSolution
		HideSolutionNode = FALSE
	EndGlobalSection
EndGlobal
